
Microsoft Visual Studio Solution File, Format Version 12.00
# Visual Studio 14
VisualStudioVersion = 14.0.25420.1
MinimumVisualStudioVersion = 10.0.40219.1
Project("{FAE04EC0-301F-11D3-BF4B-00C04F79EFBC}") = "AspNetMVC", "AspNetMVC\AspNetMVC.csproj", "{98634383-CAB3-47F3-B90A-797D2044A407}"
EndProject
Project("{FAE04EC0-301F-11D3-BF4B-00C04F79EFBC}") = "identy", "identy\identy.csproj", "{4B3102E0-9030-41CE-80F2-1861AC686C5C}"
EndProject
Project("{FAE04EC0-301F-11D3-BF4B-00C04F79EFBC}") = "WebApplicationForm", "WebApplicationForm\WebApplicationForm.csproj", "{B1F02A67-12D8-4AD3-A85D-82EB9A53D4B0}"
EndProject
Project("{FAE04EC0-301F-11D3-BF4B-00C04F79EFBC}") = "Common", "Common\Common.csproj", "{B08172A4-FBE5-42B0-9F6B-AA3200C89913}"
EndProject
Project("{FAE04EC0-301F-11D3-BF4B-00C04F79EFBC}") = "CommonApp", "CommonApp\CommonApp.csproj", "{568C37B2-6ADD-42A5-9373-9F305B9C0419}"
EndProject
Project("{FAE04EC0-301F-11D3-BF4B-00C04F79EFBC}") = "ConsoleCodeFirst", "ConsoleCodeFirst\ConsoleCodeFirst.csproj", "{048C27F1-364B-42C3-8E5F-69EF6C14D82C}"
EndProject
Project("{FAE04EC0-301F-11D3-BF4B-00C04F79EFBC}") = "WebApplicationCodeFirst", "WebApplicationCodeFirst\WebApplicationCodeFirst.csproj", "{82DFBC0D-9E54-434A-95FD-59B738976681}"
EndProject
Project("{8BB2217D-0F2D-49D1-97BC-3654ED321F3B}") = "AspnetCore", "AspnetCore\AspnetCore.xproj", "{5E427CF4-2E79-477A-A8E6-070FA2BE640B}"
EndProject
Project("{FAE04EC0-301F-11D3-BF4B-00C04F79EFBC}") = "WebApplication1", "WebApplication1\WebApplication1.csproj", "{53631CD4-329A-4CF2-8E1A-D228140D1B92}"
EndProject
Project("{8BB2217D-0F2D-49D1-97BC-3654ED321F3B}") = "AspnetCorea", "AspnetCorea\AspnetCorea.xproj", "{E6486AC3-1B91-4D56-B22E-A06DDCBA6DF9}"
EndProject
Project("{FAE04EC0-301F-11D3-BF4B-00C04F79EFBC}") = "ConsoleApplication", "ConsoleApplication\ConsoleApplication.csproj", "{52E12851-6DF0-4F32-8129-733B5E13202A}"
EndProject
Project("{FAE04EC0-301F-11D3-BF4B-00C04F79EFBC}") = "WcfService1", "WcfService1\WcfService1.csproj", "{82EC8905-224D-4230-B4CA-37D2FE0D3724}"
EndProject
Project("{FAE04EC0-301F-11D3-BF4B-00C04F79EFBC}") = "WcfServiceLibrary1", "WcfServiceLibrary1\WcfServiceLibrary1.csproj", "{3C35F1C7-751B-44B9-9528-537041835493}"
EndProject
Project("{F184B08F-C81C-45F6-A57F-5ABD9991F28F}") = "WebApplicationVB", "WebApplicationVB\WebApplicationVB.vbproj", "{CD8E53D2-B177-494B-AE08-1CEEF98E43D7}"
EndProject
Project("{FAE04EC0-301F-11D3-BF4B-00C04F79EFBC}") = "WebApplicationMVCAPI", "WebApplicationMVCAPI\WebApplicationMVCAPI.csproj", "{53CE5B7C-895E-45A6-BB3B-8678D815859D}"
EndProject
Project("{FAE04EC0-301F-11D3-BF4B-00C04F79EFBC}") = "TestMVC", "TestMVC\TestMVC.csproj", "{050DC320-5FD6-4828-A3D7-9B872F78BBB3}"
EndProject
Project("{8BB2217D-0F2D-49D1-97BC-3654ED321F3B}") = "AspnetCoreAll", "AspnetCoreAll\AspnetCoreAll.xproj", "{5D9E00A4-E8C2-43DC-8B55-D6B3BB0B4150}"
EndProject
Global
	GlobalSection(SolutionConfigurationPlatforms) = preSolution
		Debug|Any CPU = Debug|Any CPU
		Release|Any CPU = Release|Any CPU
	EndGlobalSection
	GlobalSection(ProjectConfigurationPlatforms) = postSolution
		{98634383-CAB3-47F3-B90A-797D2044A407}.Debug|Any CPU.ActiveCfg = Debug|Any CPU
		{98634383-CAB3-47F3-B90A-797D2044A407}.Debug|Any CPU.Build.0 = Debug|Any CPU
		{98634383-CAB3-47F3-B90A-797D2044A407}.Release|Any CPU.ActiveCfg = Release|Any CPU
		{98634383-CAB3-47F3-B90A-797D2044A407}.Release|Any CPU.Build.0 = Release|Any CPU
		{4B3102E0-9030-41CE-80F2-1861AC686C5C}.Debug|Any CPU.ActiveCfg = Debug|Any CPU
		{4B3102E0-9030-41CE-80F2-1861AC686C5C}.Debug|Any CPU.Build.0 = Debug|Any CPU
		{4B3102E0-9030-41CE-80F2-1861AC686C5C}.Release|Any CPU.ActiveCfg = Release|Any CPU
		{4B3102E0-9030-41CE-80F2-1861AC686C5C}.Release|Any CPU.Build.0 = Release|Any CPU
		{B1F02A67-12D8-4AD3-A85D-82EB9A53D4B0}.Debug|Any CPU.ActiveCfg = Debug|Any CPU
		{B1F02A67-12D8-4AD3-A85D-82EB9A53D4B0}.Debug|Any CPU.Build.0 = Debug|Any CPU
		{B1F02A67-12D8-4AD3-A85D-82EB9A53D4B0}.Release|Any CPU.ActiveCfg = Release|Any CPU
		{B1F02A67-12D8-4AD3-A85D-82EB9A53D4B0}.Release|Any CPU.Build.0 = Release|Any CPU
		{B08172A4-FBE5-42B0-9F6B-AA3200C89913}.Debug|Any CPU.ActiveCfg = Debug|Any CPU
		{B08172A4-FBE5-42B0-9F6B-AA3200C89913}.Debug|Any CPU.Build.0 = Debug|Any CPU
		{B08172A4-FBE5-42B0-9F6B-AA3200C89913}.Release|Any CPU.ActiveCfg = Release|Any CPU
		{B08172A4-FBE5-42B0-9F6B-AA3200C89913}.Release|Any CPU.Build.0 = Release|Any CPU
		{568C37B2-6ADD-42A5-9373-9F305B9C0419}.Debug|Any CPU.ActiveCfg = Debug|Any CPU
		{568C37B2-6ADD-42A5-9373-9F305B9C0419}.Debug|Any CPU.Build.0 = Debug|Any CPU
		{568C37B2-6ADD-42A5-9373-9F305B9C0419}.Release|Any CPU.ActiveCfg = Release|Any CPU
		{568C37B2-6ADD-42A5-9373-9F305B9C0419}.Release|Any CPU.Build.0 = Release|Any CPU
		{048C27F1-364B-42C3-8E5F-69EF6C14D82C}.Debug|Any CPU.ActiveCfg = Debug|Any CPU
		{048C27F1-364B-42C3-8E5F-69EF6C14D82C}.Debug|Any CPU.Build.0 = Debug|Any CPU
		{048C27F1-364B-42C3-8E5F-69EF6C14D82C}.Release|Any CPU.ActiveCfg = Release|Any CPU
		{048C27F1-364B-42C3-8E5F-69EF6C14D82C}.Release|Any CPU.Build.0 = Release|Any CPU
		{82DFBC0D-9E54-434A-95FD-59B738976681}.Debug|Any CPU.ActiveCfg = Debug|Any CPU
		{82DFBC0D-9E54-434A-95FD-59B738976681}.Debug|Any CPU.Build.0 = Debug|Any CPU
		{82DFBC0D-9E54-434A-95FD-59B738976681}.Release|Any CPU.ActiveCfg = Release|Any CPU
		{82DFBC0D-9E54-434A-95FD-59B738976681}.Release|Any CPU.Build.0 = Release|Any CPU
		{5E427CF4-2E79-477A-A8E6-070FA2BE640B}.Debug|Any CPU.ActiveCfg = Debug|Any CPU
		{5E427CF4-2E79-477A-A8E6-070FA2BE640B}.Debug|Any CPU.Build.0 = Debug|Any CPU
		{5E427CF4-2E79-477A-A8E6-070FA2BE640B}.Release|Any CPU.ActiveCfg = Release|Any CPU
		{5E427CF4-2E79-477A-A8E6-070FA2BE640B}.Release|Any CPU.Build.0 = Release|Any CPU
		{53631CD4-329A-4CF2-8E1A-D228140D1B92}.Debug|Any CPU.ActiveCfg = Debug|Any CPU
		{53631CD4-329A-4CF2-8E1A-D228140D1B92}.Debug|Any CPU.Build.0 = Debug|Any CPU
		{53631CD4-329A-4CF2-8E1A-D228140D1B92}.Release|Any CPU.ActiveCfg = Release|Any CPU
		{53631CD4-329A-4CF2-8E1A-D228140D1B92}.Release|Any CPU.Build.0 = Release|Any CPU
		{E6486AC3-1B91-4D56-B22E-A06DDCBA6DF9}.Debug|Any CPU.ActiveCfg = Debug|Any CPU
		{E6486AC3-1B91-4D56-B22E-A06DDCBA6DF9}.Debug|Any CPU.Build.0 = Debug|Any CPU
		{E6486AC3-1B91-4D56-B22E-A06DDCBA6DF9}.Release|Any CPU.ActiveCfg = Release|Any CPU
		{E6486AC3-1B91-4D56-B22E-A06DDCBA6DF9}.Release|Any CPU.Build.0 = Release|Any CPU
		{52E12851-6DF0-4F32-8129-733B5E13202A}.Debug|Any CPU.ActiveCfg = Debug|Any CPU
		{52E12851-6DF0-4F32-8129-733B5E13202A}.Debug|Any CPU.Build.0 = Debug|Any CPU
		{52E12851-6DF0-4F32-8129-733B5E13202A}.Release|Any CPU.ActiveCfg = Release|Any CPU
		{52E12851-6DF0-4F32-8129-733B5E13202A}.Release|Any CPU.Build.0 = Release|Any CPU
		{82EC8905-224D-4230-B4CA-37D2FE0D3724}.Debug|Any CPU.ActiveCfg = Debug|Any CPU
		{82EC8905-224D-4230-B4CA-37D2FE0D3724}.Debug|Any CPU.Build.0 = Debug|Any CPU
		{82EC8905-224D-4230-B4CA-37D2FE0D3724}.Release|Any CPU.ActiveCfg = Release|Any CPU
		{82EC8905-224D-4230-B4CA-37D2FE0D3724}.Release|Any CPU.Build.0 = Release|Any CPU
		{3C35F1C7-751B-44B9-9528-537041835493}.Debug|Any CPU.ActiveCfg = Debug|Any CPU
		{3C35F1C7-751B-44B9-9528-537041835493}.Debug|Any CPU.Build.0 = Debug|Any CPU
		{3C35F1C7-751B-44B9-9528-537041835493}.Release|Any CPU.ActiveCfg = Release|Any CPU
		{3C35F1C7-751B-44B9-9528-537041835493}.Release|Any CPU.Build.0 = Release|Any CPU
		{CD8E53D2-B177-494B-AE08-1CEEF98E43D7}.Debug|Any CPU.ActiveCfg = Debug|Any CPU
		{CD8E53D2-B177-494B-AE08-1CEEF98E43D7}.Debug|Any CPU.Build.0 = Debug|Any CPU
		{CD8E53D2-B177-494B-AE08-1CEEF98E43D7}.Release|Any CPU.ActiveCfg = Release|Any CPU
		{CD8E53D2-B177-494B-AE08-1CEEF98E43D7}.Release|Any CPU.Build.0 = Release|Any CPU
		{53CE5B7C-895E-45A6-BB3B-8678D815859D}.Debug|Any CPU.ActiveCfg = Debug|Any CPU
		{53CE5B7C-895E-45A6-BB3B-8678D815859D}.Debug|Any CPU.Build.0 = Debug|Any CPU
		{53CE5B7C-895E-45A6-BB3B-8678D815859D}.Release|Any CPU.ActiveCfg = Release|Any CPU
		{53CE5B7C-895E-45A6-BB3B-8678D815859D}.Release|Any CPU.Build.0 = Release|Any CPU
		{050DC320-5FD6-4828-A3D7-9B872F78BBB3}.Debug|Any CPU.ActiveCfg = Debug|Any CPU
		{050DC320-5FD6-4828-A3D7-9B872F78BBB3}.Debug|Any CPU.Build.0 = Debug|Any CPU
		{050DC320-5FD6-4828-A3D7-9B872F78BBB3}.Release|Any CPU.ActiveCfg = Release|Any CPU
		{050DC320-5FD6-4828-A3D7-9B872F78BBB3}.Release|Any CPU.Build.0 = Release|Any CPU
		{5D9E00A4-E8C2-43DC-8B55-D6B3BB0B4150}.Debug|Any CPU.ActiveCfg = Debug|Any CPU
		{5D9E00A4-E8C2-43DC-8B55-D6B3BB0B4150}.Debug|Any CPU.Build.0 = Debug|Any CPU
		{5D9E00A4-E8C2-43DC-8B55-D6B3BB0B4150}.Release|Any CPU.ActiveCfg = Release|Any CPU
		{5D9E00A4-E8C2-43DC-8B55-D6B3BB0B4150}.Release|Any CPU.Build.0 = Release|Any CPU
	EndGlobalSection
	GlobalSection(SolutionProperties) = preSolution
		HideSolutionNode = FALSE
	EndGlobalSection
EndGlobal
