
Microsoft Visual Studio Solution File, Format Version 12.00
# Visual Studio 14
VisualStudioVersion = 14.0.25420.1
MinimumVisualStudioVersion = 10.0.40219.1
Project("{FAE04EC0-301F-11D3-BF4B-00C04F79EFBC}") = "AspNetMVC", "AspNetMVC\AspNetMVC.csproj", "{98634383-CAB3-47F3-B90A-797D2044A407}"
EndProject
Project("{FAE04EC0-301F-11D3-BF4B-00C04F79EFBC}") = "CodeFirst", "CodeFirst\CodeFirst.csproj", "{F70447C7-7F63-44B2-8434-4299DB3F6541}"
EndProject
Project("{FAE04EC0-301F-11D3-BF4B-00C04F79EFBC}") = "identy", "identy\identy.csproj", "{4B3102E0-9030-41CE-80F2-1861AC686C5C}"
EndProject
Project("{FAE04EC0-301F-11D3-BF4B-00C04F79EFBC}") = "WebApplicationForm", "WebApplicationForm\WebApplicationForm.csproj", "{B1F02A67-12D8-4AD3-A85D-82EB9A53D4B0}"
EndProject
Global
	GlobalSection(SolutionConfigurationPlatforms) = preSolution
		Debug|Any CPU = Debug|Any CPU
		Release|Any CPU = Release|Any CPU
	EndGlobalSection
	GlobalSection(ProjectConfigurationPlatforms) = postSolution
		{98634383-CAB3-47F3-B90A-797D2044A407}.Debug|Any CPU.ActiveCfg = Debug|Any CPU
		{98634383-CAB3-47F3-B90A-797D2044A407}.Debug|Any CPU.Build.0 = Debug|Any CPU
		{98634383-CAB3-47F3-B90A-797D2044A407}.Release|Any CPU.ActiveCfg = Release|Any CPU
		{98634383-CAB3-47F3-B90A-797D2044A407}.Release|Any CPU.Build.0 = Release|Any CPU
		{F70447C7-7F63-44B2-8434-4299DB3F6541}.Debug|Any CPU.ActiveCfg = Debug|Any CPU
		{F70447C7-7F63-44B2-8434-4299DB3F6541}.Debug|Any CPU.Build.0 = Debug|Any CPU
		{F70447C7-7F63-44B2-8434-4299DB3F6541}.Release|Any CPU.ActiveCfg = Release|Any CPU
		{F70447C7-7F63-44B2-8434-4299DB3F6541}.Release|Any CPU.Build.0 = Release|Any CPU
		{4B3102E0-9030-41CE-80F2-1861AC686C5C}.Debug|Any CPU.ActiveCfg = Debug|Any CPU
		{4B3102E0-9030-41CE-80F2-1861AC686C5C}.Debug|Any CPU.Build.0 = Debug|Any CPU
		{4B3102E0-9030-41CE-80F2-1861AC686C5C}.Release|Any CPU.ActiveCfg = Release|Any CPU
		{4B3102E0-9030-41CE-80F2-1861AC686C5C}.Release|Any CPU.Build.0 = Release|Any CPU
		{B1F02A67-12D8-4AD3-A85D-82EB9A53D4B0}.Debug|Any CPU.ActiveCfg = Debug|Any CPU
		{B1F02A67-12D8-4AD3-A85D-82EB9A53D4B0}.Debug|Any CPU.Build.0 = Debug|Any CPU
		{B1F02A67-12D8-4AD3-A85D-82EB9A53D4B0}.Release|Any CPU.ActiveCfg = Release|Any CPU
		{B1F02A67-12D8-4AD3-A85D-82EB9A53D4B0}.Release|Any CPU.Build.0 = Release|Any CPU
	EndGlobalSection
	GlobalSection(SolutionProperties) = preSolution
		HideSolutionNode = FALSE
	EndGlobalSection
EndGlobal
